
Microsoft Visual Studio Solution File, Format Version 11.00
# Visual Studio 2010
Project("{FAE04EC0-301F-11D3-BF4B-00C04F79EFBC}") = "UnityEngine.TestRunner", "UnityEngine.TestRunner.csproj", "{5714f254-840e-246c-b169-f7644f8fc02b}"
EndProject
Project("{FAE04EC0-301F-11D3-BF4B-00C04F79EFBC}") = "UnityEngine.UI", "UnityEngine.UI.csproj", "{c084a495-d82d-a4e3-6126-dcf5209e7894}"
EndProject
Project("{FAE04EC0-301F-11D3-BF4B-00C04F79EFBC}") = "Unity.VisualScripting.Flow", "Unity.VisualScripting.Flow.csproj", "{1cf7876a-4d3f-eb47-e261-25da0cba1623}"
EndProject
Project("{FAE04EC0-301F-11D3-BF4B-00C04F79EFBC}") = "UnityEngine.UI.Tests", "UnityEngine.UI.Tests.csproj", "{16ca1534-41ba-f24d-44cc-9b34060d8e98}"
EndProject
Project("{FAE04EC0-301F-11D3-BF4B-00C04F79EFBC}") = "Unity.VisualScripting.State", "Unity.VisualScripting.State.csproj", "{fc1d99d4-4bea-42a0-818f-0c03a483ab79}"
EndProject
Project("{FAE04EC0-301F-11D3-BF4B-00C04F79EFBC}") = "Unity.VisualScripting.Core", "Unity.VisualScripting.Core.csproj", "{d2eb0a00-a7bf-c66f-a5c9-0724df2ae5be}"
EndProject
Project("{FAE04EC0-301F-11D3-BF4B-00C04F79EFBC}") = "Unity.TextMeshPro", "Unity.TextMeshPro.csproj", "{403ee2e3-2f7c-cee5-9c32-df72c6a4148b}"
EndProject
Project("{FAE04EC0-301F-11D3-BF4B-00C04F79EFBC}") = "Unity.Timeline", "Unity.Timeline.csproj", "{55d694ab-09f9-4976-3b25-ccd9ba9ca5cd}"
EndProject
Project("{FAE04EC0-301F-11D3-BF4B-00C04F79EFBC}") = "Unity.TextMeshPro.Tests", "Unity.TextMeshPro.Tests.csproj", "{a2356c17-5465-d18f-f3f5-bc7a8f7f9251}"
EndProject
Project("{FAE04EC0-301F-11D3-BF4B-00C04F79EFBC}") = "Unity.PlasticSCM.Editor", "Unity.PlasticSCM.Editor.csproj", "{51a7e14f-8e85-844c-f4d8-69511fd055e9}"
EndProject
Project("{FAE04EC0-301F-11D3-BF4B-00C04F79EFBC}") = "Unity.VisualScripting.Core.Editor", "Unity.VisualScripting.Core.Editor.csproj", "{7527ad8b-ebfe-9725-d8e0-d5e86717e8ac}"
EndProject
Project("{FAE04EC0-301F-11D3-BF4B-00C04F79EFBC}") = "Unity.VisualScripting.Flow.Editor", "Unity.VisualScripting.Flow.Editor.csproj", "{caf903a2-6f53-e374-3163-177abc2061c3}"
EndProject
Project("{FAE04EC0-301F-11D3-BF4B-00C04F79EFBC}") = "Unity.VisualStudio.Editor", "Unity.VisualStudio.Editor.csproj", "{c5e09c5c-6c0b-4bb2-12a6-24dc219a7f67}"
EndProject
Project("{FAE04EC0-301F-11D3-BF4B-00C04F79EFBC}") = "Unity.Timeline.Editor", "Unity.Timeline.Editor.csproj", "{60c762f4-f72c-3316-e4aa-cf01b9355e35}"
EndProject
Project("{FAE04EC0-301F-11D3-BF4B-00C04F79EFBC}") = "Unity.VisualScripting.State.Editor", "Unity.VisualScripting.State.Editor.csproj", "{587779ed-5663-ddac-a136-06ddc58a3bdc}"
EndProject
Project("{FAE04EC0-301F-11D3-BF4B-00C04F79EFBC}") = "Unity.TextMeshPro.Editor", "Unity.TextMeshPro.Editor.csproj", "{205e62eb-01c6-6fa0-626a-09a156e74459}"
EndProject
Project("{FAE04EC0-301F-11D3-BF4B-00C04F79EFBC}") = "Unity.VisualScripting.SettingsProvider.Editor", "Unity.VisualScripting.SettingsProvider.Editor.csproj", "{06b02baf-9023-fd2e-ab2e-d1bc03de092c}"
EndProject
Project("{FAE04EC0-301F-11D3-BF4B-00C04F79EFBC}") = "DocCodeExamples", "DocCodeExamples.csproj", "{2af33479-c909-d45e-04ff-5393467812ab}"
EndProject
Project("{FAE04EC0-301F-11D3-BF4B-00C04F79EFBC}") = "UnityEditor.TestRunner", "UnityEditor.TestRunner.csproj", "{8c6585dd-9c61-8e85-f7bc-4696582a6c55}"
EndProject
Project("{FAE04EC0-301F-11D3-BF4B-00C04F79EFBC}") = "Unity.TestTools.CodeCoverage.Editor", "Unity.TestTools.CodeCoverage.Editor.csproj", "{09b4d570-dda7-c908-f254-3c7ad279863d}"
EndProject
Project("{FAE04EC0-301F-11D3-BF4B-00C04F79EFBC}") = "Unity.Rider.Editor", "Unity.Rider.Editor.csproj", "{e498e2ee-0c12-1f87-8fd7-c0bba5ae3dee}"
EndProject
Project("{FAE04EC0-301F-11D3-BF4B-00C04F79EFBC}") = "Unity.Performance.Profile-Analyzer.Editor", "Unity.Performance.Profile-Analyzer.Editor.csproj", "{5b02dfc4-2de4-4fb4-a049-841c7a8f8391}"
EndProject
Project("{FAE04EC0-301F-11D3-BF4B-00C04F79EFBC}") = "Unity.Performance.Profile-Analyzer.EditorTests", "Unity.Performance.Profile-Analyzer.EditorTests.csproj", "{0dd046e7-3f9e-8d17-95c8-289154abf090}"
EndProject
Project("{FAE04EC0-301F-11D3-BF4B-00C04F79EFBC}") = "Unity.VSCode.Editor", "Unity.VSCode.Editor.csproj", "{e0165377-4755-fd78-e580-8ea418d8eed9}"
EndProject
Project("{FAE04EC0-301F-11D3-BF4B-00C04F79EFBC}") = "UnityEditor.UI.EditorTests", "UnityEditor.UI.EditorTests.csproj", "{580057ef-cf6f-be8a-fa8c-68655b04ccc3}"
EndProject
Project("{FAE04EC0-301F-11D3-BF4B-00C04F79EFBC}") = "UnityEditor.UI", "UnityEditor.UI.csproj", "{0ab89cf2-1431-5066-8cdd-4fcd4f2e7cbd}"
EndProject
Project("{FAE04EC0-301F-11D3-BF4B-00C04F79EFBC}") = "Unity.TestTools.CodeCoverage.Editor.OpenCover.Model", "Unity.TestTools.CodeCoverage.Editor.OpenCover.Model.csproj", "{e5eb1454-047f-829c-3d32-ffa62e3e74d8}"
EndProject
Project("{FAE04EC0-301F-11D3-BF4B-00C04F79EFBC}") = "Unity.EditorCoroutines.Editor", "Unity.EditorCoroutines.Editor.csproj", "{75391c79-2ad0-ae2d-7121-ad80c270633d}"
EndProject
Project("{FAE04EC0-301F-11D3-BF4B-00C04F79EFBC}") = "Unity.Settings.Editor", "Unity.Settings.Editor.csproj", "{a404b549-114e-49aa-cc62-83f30cebb2db}"
EndProject
Project("{FAE04EC0-301F-11D3-BF4B-00C04F79EFBC}") = "Unity.CollabProxy.Editor", "Unity.CollabProxy.Editor.csproj", "{2bddb587-bdb0-ff03-12c2-fc5ef6942fa8}"
EndProject
Project("{FAE04EC0-301F-11D3-BF4B-00C04F79EFBC}") = "Unity.Settings.Tests", "Unity.Settings.Tests.csproj", "{6cf695e5-8820-d1b3-3405-82e0101bdac4}"
EndProject
Project("{FAE04EC0-301F-11D3-BF4B-00C04F79EFBC}") = "Unity.TestTools.CodeCoverage.Editor.OpenCover.Mono.Reflection", "Unity.TestTools.CodeCoverage.Editor.OpenCover.Mono.Reflection.csproj", "{1387dcc0-d708-8c05-ff39-2054f6ff715b}"
EndProject
Project("{FAE04EC0-301F-11D3-BF4B-00C04F79EFBC}") = "Unity.VisualScripting.Shared.Editor", "Unity.VisualScripting.Shared.Editor.csproj", "{604a0ff3-0df3-2139-6b7e-c5ccc780fd61}"
EndProject
Project("{FAE04EC0-301F-11D3-BF4B-00C04F79EFBC}") = "Unity.TextMeshPro.Editor.Tests", "Unity.TextMeshPro.Editor.Tests.csproj", "{b65cc6a3-18c3-a8eb-73cc-664cf7761e06}"
EndProject
Global
	GlobalSection(SolutionConfigurationPlatforms) = preSolution
		Debug|Any CPU = Debug|Any CPU
	EndGlobalSection
	GlobalSection(ProjectConfigurationPlatforms) = postSolution
		{5714f254-840e-246c-b169-f7644f8fc02b}.Debug|Any CPU.ActiveCfg = Debug|Any CPU
		{5714f254-840e-246c-b169-f7644f8fc02b}.Debug|Any CPU.Build.0 = Debug|Any CPU
		{c084a495-d82d-a4e3-6126-dcf5209e7894}.Debug|Any CPU.ActiveCfg = Debug|Any CPU
		{c084a495-d82d-a4e3-6126-dcf5209e7894}.Debug|Any CPU.Build.0 = Debug|Any CPU
		{1cf7876a-4d3f-eb47-e261-25da0cba1623}.Debug|Any CPU.ActiveCfg = Debug|Any CPU
		{1cf7876a-4d3f-eb47-e261-25da0cba1623}.Debug|Any CPU.Build.0 = Debug|Any CPU
		{16ca1534-41ba-f24d-44cc-9b34060d8e98}.Debug|Any CPU.ActiveCfg = Debug|Any CPU
		{16ca1534-41ba-f24d-44cc-9b34060d8e98}.Debug|Any CPU.Build.0 = Debug|Any CPU
		{fc1d99d4-4bea-42a0-818f-0c03a483ab79}.Debug|Any CPU.ActiveCfg = Debug|Any CPU
		{fc1d99d4-4bea-42a0-818f-0c03a483ab79}.Debug|Any CPU.Build.0 = Debug|Any CPU
		{d2eb0a00-a7bf-c66f-a5c9-0724df2ae5be}.Debug|Any CPU.ActiveCfg = Debug|Any CPU
		{d2eb0a00-a7bf-c66f-a5c9-0724df2ae5be}.Debug|Any CPU.Build.0 = Debug|Any CPU
		{403ee2e3-2f7c-cee5-9c32-df72c6a4148b}.Debug|Any CPU.ActiveCfg = Debug|Any CPU
		{403ee2e3-2f7c-cee5-9c32-df72c6a4148b}.Debug|Any CPU.Build.0 = Debug|Any CPU
		{55d694ab-09f9-4976-3b25-ccd9ba9ca5cd}.Debug|Any CPU.ActiveCfg = Debug|Any CPU
		{55d694ab-09f9-4976-3b25-ccd9ba9ca5cd}.Debug|Any CPU.Build.0 = Debug|Any CPU
		{a2356c17-5465-d18f-f3f5-bc7a8f7f9251}.Debug|Any CPU.ActiveCfg = Debug|Any CPU
		{a2356c17-5465-d18f-f3f5-bc7a8f7f9251}.Debug|Any CPU.Build.0 = Debug|Any CPU
		{51a7e14f-8e85-844c-f4d8-69511fd055e9}.Debug|Any CPU.ActiveCfg = Debug|Any CPU
		{51a7e14f-8e85-844c-f4d8-69511fd055e9}.Debug|Any CPU.Build.0 = Debug|Any CPU
		{7527ad8b-ebfe-9725-d8e0-d5e86717e8ac}.Debug|Any CPU.ActiveCfg = Debug|Any CPU
		{7527ad8b-ebfe-9725-d8e0-d5e86717e8ac}.Debug|Any CPU.Build.0 = Debug|Any CPU
		{caf903a2-6f53-e374-3163-177abc2061c3}.Debug|Any CPU.ActiveCfg = Debug|Any CPU
		{caf903a2-6f53-e374-3163-177abc2061c3}.Debug|Any CPU.Build.0 = Debug|Any CPU
		{c5e09c5c-6c0b-4bb2-12a6-24dc219a7f67}.Debug|Any CPU.ActiveCfg = Debug|Any CPU
		{c5e09c5c-6c0b-4bb2-12a6-24dc219a7f67}.Debug|Any CPU.Build.0 = Debug|Any CPU
		{60c762f4-f72c-3316-e4aa-cf01b9355e35}.Debug|Any CPU.ActiveCfg = Debug|Any CPU
		{60c762f4-f72c-3316-e4aa-cf01b9355e35}.Debug|Any CPU.Build.0 = Debug|Any CPU
		{587779ed-5663-ddac-a136-06ddc58a3bdc}.Debug|Any CPU.ActiveCfg = Debug|Any CPU
		{587779ed-5663-ddac-a136-06ddc58a3bdc}.Debug|Any CPU.Build.0 = Debug|Any CPU
		{205e62eb-01c6-6fa0-626a-09a156e74459}.Debug|Any CPU.ActiveCfg = Debug|Any CPU
		{205e62eb-01c6-6fa0-626a-09a156e74459}.Debug|Any CPU.Build.0 = Debug|Any CPU
		{06b02baf-9023-fd2e-ab2e-d1bc03de092c}.Debug|Any CPU.ActiveCfg = Debug|Any CPU
		{06b02baf-9023-fd2e-ab2e-d1bc03de092c}.Debug|Any CPU.Build.0 = Debug|Any CPU
		{2af33479-c909-d45e-04ff-5393467812ab}.Debug|Any CPU.ActiveCfg = Debug|Any CPU
		{2af33479-c909-d45e-04ff-5393467812ab}.Debug|Any CPU.Build.0 = Debug|Any CPU
		{8c6585dd-9c61-8e85-f7bc-4696582a6c55}.Debug|Any CPU.ActiveCfg = Debug|Any CPU
		{8c6585dd-9c61-8e85-f7bc-4696582a6c55}.Debug|Any CPU.Build.0 = Debug|Any CPU
		{09b4d570-dda7-c908-f254-3c7ad279863d}.Debug|Any CPU.ActiveCfg = Debug|Any CPU
		{09b4d570-dda7-c908-f254-3c7ad279863d}.Debug|Any CPU.Build.0 = Debug|Any CPU
		{e498e2ee-0c12-1f87-8fd7-c0bba5ae3dee}.Debug|Any CPU.ActiveCfg = Debug|Any CPU
		{e498e2ee-0c12-1f87-8fd7-c0bba5ae3dee}.Debug|Any CPU.Build.0 = Debug|Any CPU
		{5b02dfc4-2de4-4fb4-a049-841c7a8f8391}.Debug|Any CPU.ActiveCfg = Debug|Any CPU
		{5b02dfc4-2de4-4fb4-a049-841c7a8f8391}.Debug|Any CPU.Build.0 = Debug|Any CPU
		{0dd046e7-3f9e-8d17-95c8-289154abf090}.Debug|Any CPU.ActiveCfg = Debug|Any CPU
		{0dd046e7-3f9e-8d17-95c8-289154abf090}.Debug|Any CPU.Build.0 = Debug|Any CPU
		{e0165377-4755-fd78-e580-8ea418d8eed9}.Debug|Any CPU.ActiveCfg = Debug|Any CPU
		{e0165377-4755-fd78-e580-8ea418d8eed9}.Debug|Any CPU.Build.0 = Debug|Any CPU
		{580057ef-cf6f-be8a-fa8c-68655b04ccc3}.Debug|Any CPU.ActiveCfg = Debug|Any CPU
		{580057ef-cf6f-be8a-fa8c-68655b04ccc3}.Debug|Any CPU.Build.0 = Debug|Any CPU
		{0ab89cf2-1431-5066-8cdd-4fcd4f2e7cbd}.Debug|Any CPU.ActiveCfg = Debug|Any CPU
		{0ab89cf2-1431-5066-8cdd-4fcd4f2e7cbd}.Debug|Any CPU.Build.0 = Debug|Any CPU
		{e5eb1454-047f-829c-3d32-ffa62e3e74d8}.Debug|Any CPU.ActiveCfg = Debug|Any CPU
		{e5eb1454-047f-829c-3d32-ffa62e3e74d8}.Debug|Any CPU.Build.0 = Debug|Any CPU
		{75391c79-2ad0-ae2d-7121-ad80c270633d}.Debug|Any CPU.ActiveCfg = Debug|Any CPU
		{75391c79-2ad0-ae2d-7121-ad80c270633d}.Debug|Any CPU.Build.0 = Debug|Any CPU
		{a404b549-114e-49aa-cc62-83f30cebb2db}.Debug|Any CPU.ActiveCfg = Debug|Any CPU
		{a404b549-114e-49aa-cc62-83f30cebb2db}.Debug|Any CPU.Build.0 = Debug|Any CPU
		{2bddb587-bdb0-ff03-12c2-fc5ef6942fa8}.Debug|Any CPU.ActiveCfg = Debug|Any CPU
		{2bddb587-bdb0-ff03-12c2-fc5ef6942fa8}.Debug|Any CPU.Build.0 = Debug|Any CPU
		{6cf695e5-8820-d1b3-3405-82e0101bdac4}.Debug|Any CPU.ActiveCfg = Debug|Any CPU
		{6cf695e5-8820-d1b3-3405-82e0101bdac4}.Debug|Any CPU.Build.0 = Debug|Any CPU
		{1387dcc0-d708-8c05-ff39-2054f6ff715b}.Debug|Any CPU.ActiveCfg = Debug|Any CPU
		{1387dcc0-d708-8c05-ff39-2054f6ff715b}.Debug|Any CPU.Build.0 = Debug|Any CPU
		{604a0ff3-0df3-2139-6b7e-c5ccc780fd61}.Debug|Any CPU.ActiveCfg = Debug|Any CPU
		{604a0ff3-0df3-2139-6b7e-c5ccc780fd61}.Debug|Any CPU.Build.0 = Debug|Any CPU
		{b65cc6a3-18c3-a8eb-73cc-664cf7761e06}.Debug|Any CPU.ActiveCfg = Debug|Any CPU
		{b65cc6a3-18c3-a8eb-73cc-664cf7761e06}.Debug|Any CPU.Build.0 = Debug|Any CPU
	EndGlobalSection
	GlobalSection(SolutionProperties) = preSolution
		HideSolutionNode = FALSE
	EndGlobalSection
EndGlobal
